
Microsoft Visual Studio Solution File, Format Version 12.00
# Visual Studio 15
VisualStudioVersion = 15.0.27004.2010
MinimumVisualStudioVersion = 10.0.40219.1
Project("{9A19103F-16F7-4668-BE54-9A1E7A4F7556}") = "CategoriesTask", "CategoriesTask\CategoriesTask.csproj", "{D0F9D8EC-1C98-41C9-A60F-18660CA86DF0}"
EndProject
Project("{FAE04EC0-301F-11D3-BF4B-00C04F79EFBC}") = "CategoriesTask.Test", "CategoriesTask.Test\CategoriesTask.Test.csproj", "{4881A3D6-90D2-40C6-8B25-5D080A1BA104}"
EndProject
Global
	GlobalSection(SolutionConfigurationPlatforms) = preSolution
		Debug|Any CPU = Debug|Any CPU
		Release|Any CPU = Release|Any CPU
	EndGlobalSection
	GlobalSection(ProjectConfigurationPlatforms) = postSolution
		{D0F9D8EC-1C98-41C9-A60F-18660CA86DF0}.Debug|Any CPU.ActiveCfg = Debug|Any CPU
		{D0F9D8EC-1C98-41C9-A60F-18660CA86DF0}.Debug|Any CPU.Build.0 = Debug|Any CPU
		{D0F9D8EC-1C98-41C9-A60F-18660CA86DF0}.Release|Any CPU.ActiveCfg = Release|Any CPU
		{D0F9D8EC-1C98-41C9-A60F-18660CA86DF0}.Release|Any CPU.Build.0 = Release|Any CPU
		{4881A3D6-90D2-40C6-8B25-5D080A1BA104}.Debug|Any CPU.ActiveCfg = Debug|Any CPU
		{4881A3D6-90D2-40C6-8B25-5D080A1BA104}.Debug|Any CPU.Build.0 = Debug|Any CPU
		{4881A3D6-90D2-40C6-8B25-5D080A1BA104}.Release|Any CPU.ActiveCfg = Release|Any CPU
		{4881A3D6-90D2-40C6-8B25-5D080A1BA104}.Release|Any CPU.Build.0 = Release|Any CPU
	EndGlobalSection
	GlobalSection(SolutionProperties) = preSolution
		HideSolutionNode = FALSE
	EndGlobalSection
	GlobalSection(ExtensibilityGlobals) = postSolution
		SolutionGuid = {69E797F8-C681-44B2-B9D4-072B9FA95DA2}
	EndGlobalSection
EndGlobal
